
Microsoft Visual Studio Solution File, Format Version 12.00
# Visual Studio 15
VisualStudioVersion = 15.0.27428.2002
MinimumVisualStudioVersion = 10.0.40219.1
Project("{FAE04EC0-301F-11D3-BF4B-00C04F79EFBC}") = "2ndVueApp", "2ndVueApp.csproj", "{C6F2873E-9EF4-4709-8088-9FED01A23ACA}"
EndProject
Global
	GlobalSection(SolutionConfigurationPlatforms) = preSolution
		Debug|Any CPU = Debug|Any CPU
		Release|Any CPU = Release|Any CPU
	EndGlobalSection
	GlobalSection(ProjectConfigurationPlatforms) = postSolution
		{C6F2873E-9EF4-4709-8088-9FED01A23ACA}.Debug|Any CPU.ActiveCfg = Debug|Any CPU
		{C6F2873E-9EF4-4709-8088-9FED01A23ACA}.Debug|Any CPU.Build.0 = Debug|Any CPU
		{C6F2873E-9EF4-4709-8088-9FED01A23ACA}.Release|Any CPU.ActiveCfg = Release|Any CPU
		{C6F2873E-9EF4-4709-8088-9FED01A23ACA}.Release|Any CPU.Build.0 = Release|Any CPU
	EndGlobalSection
	GlobalSection(SolutionProperties) = preSolution
		HideSolutionNode = FALSE
	EndGlobalSection
	GlobalSection(ExtensibilityGlobals) = postSolution
		SolutionGuid = {E0C71907-9429-4FD9-B257-B0A0430B49EA}
	EndGlobalSection
EndGlobal
